
Microsoft Visual Studio Solution File, Format Version 12.00
# Visual Studio Version 17
VisualStudioVersion = 17.5.33530.505
MinimumVisualStudioVersion = 10.0.40219.1
Project("{FAE04EC0-301F-11D3-BF4B-00C04F79EFBC}") = "MiniPizzeria", "MiniPizzeria.csproj", "{E81E4D1A-1E36-4B54-9048-7E624F675E5E}"
EndProject
Global
	GlobalSection(SolutionConfigurationPlatforms) = preSolution
		Debug|Any CPU = Debug|Any CPU
		Release|Any CPU = Release|Any CPU
	EndGlobalSection
	GlobalSection(ProjectConfigurationPlatforms) = postSolution
		{E81E4D1A-1E36-4B54-9048-7E624F675E5E}.Debug|Any CPU.ActiveCfg = Debug|Any CPU
		{E81E4D1A-1E36-4B54-9048-7E624F675E5E}.Debug|Any CPU.Build.0 = Debug|Any CPU
		{E81E4D1A-1E36-4B54-9048-7E624F675E5E}.Release|Any CPU.ActiveCfg = Release|Any CPU
		{E81E4D1A-1E36-4B54-9048-7E624F675E5E}.Release|Any CPU.Build.0 = Release|Any CPU
	EndGlobalSection
	GlobalSection(SolutionProperties) = preSolution
		HideSolutionNode = FALSE
	EndGlobalSection
	GlobalSection(ExtensibilityGlobals) = postSolution
		SolutionGuid = {B57A997E-2802-4730-9C92-2F3C0433E5AD}
	EndGlobalSection
EndGlobal
